
Microsoft Visual Studio Solution File, Format Version 12.00
Project("{FAE04EC0-301F-11D3-BF4B-00C04F79EFBC}") = "MoreShovel.MelonLoader", "MoreShovel.MelonLoader\MoreShovel.MelonLoader.csproj", "{DE849649-A5D8-4CA1-8040-1A8C078ABDEE}"
EndProject
Project("{FAE04EC0-301F-11D3-BF4B-00C04F79EFBC}") = "MoreShovel.BepInex", "MoreShovel.BepInex\MoreShovel.BepInex.csproj", "{B0A426BB-25D5-4D5E-A334-8674F5E8D2F7}"
EndProject
Global
	GlobalSection(SolutionConfigurationPlatforms) = preSolution
		Debug|Any CPU = Debug|Any CPU
		Release|Any CPU = Release|Any CPU
	EndGlobalSection
	GlobalSection(ProjectConfigurationPlatforms) = postSolution
		{DE849649-A5D8-4CA1-8040-1A8C078ABDEE}.Debug|Any CPU.ActiveCfg = Debug|Any CPU
		{DE849649-A5D8-4CA1-8040-1A8C078ABDEE}.Debug|Any CPU.Build.0 = Debug|Any CPU
		{DE849649-A5D8-4CA1-8040-1A8C078ABDEE}.Release|Any CPU.ActiveCfg = Release|Any CPU
		{DE849649-A5D8-4CA1-8040-1A8C078ABDEE}.Release|Any CPU.Build.0 = Release|Any CPU
		{B0A426BB-25D5-4D5E-A334-8674F5E8D2F7}.Debug|Any CPU.ActiveCfg = Debug|Any CPU
		{B0A426BB-25D5-4D5E-A334-8674F5E8D2F7}.Debug|Any CPU.Build.0 = Debug|Any CPU
		{B0A426BB-25D5-4D5E-A334-8674F5E8D2F7}.Release|Any CPU.ActiveCfg = Release|Any CPU
		{B0A426BB-25D5-4D5E-A334-8674F5E8D2F7}.Release|Any CPU.Build.0 = Release|Any CPU
	EndGlobalSection
EndGlobal
